
Microsoft Visual Studio Solution File, Format Version 12.00
# Visual Studio 15
VisualStudioVersion = 15.0.27004.2005
MinimumVisualStudioVersion = 10.0.40219.1
Project("{FAE04EC0-301F-11D3-BF4B-00C04F79EFBC}") = "Captions", "Captions\Captions.csproj", "{A24B01C3-8F76-44ED-A5BB-5A8E37F46F0C}"
EndProject
Global
	GlobalSection(SolutionConfigurationPlatforms) = preSolution
		Debug|Any CPU = Debug|Any CPU
		Release|Any CPU = Release|Any CPU
	EndGlobalSection
	GlobalSection(ProjectConfigurationPlatforms) = postSolution
		{A24B01C3-8F76-44ED-A5BB-5A8E37F46F0C}.Debug|Any CPU.ActiveCfg = Debug|Any CPU
		{A24B01C3-8F76-44ED-A5BB-5A8E37F46F0C}.Debug|Any CPU.Build.0 = Debug|Any CPU
		{A24B01C3-8F76-44ED-A5BB-5A8E37F46F0C}.Release|Any CPU.ActiveCfg = Release|Any CPU
		{A24B01C3-8F76-44ED-A5BB-5A8E37F46F0C}.Release|Any CPU.Build.0 = Release|Any CPU
	EndGlobalSection
	GlobalSection(SolutionProperties) = preSolution
		HideSolutionNode = FALSE
	EndGlobalSection
	GlobalSection(ExtensibilityGlobals) = postSolution
		SolutionGuid = {45BEC060-7B87-4159-92DA-85E4FFEDE457}
	EndGlobalSection
EndGlobal
